
Microsoft Visual Studio Solution File, Format Version 12.00
# Visual Studio 2012
Project("{FAE04EC0-301F-11D3-BF4B-00C04F79EFBC}") = "AppDirect.WindowsClient", "MainApplication\AppDirect.WindowsClient.csproj", "{2FDC87A4-0C19-473E-A117-30A9C1477D18}"
EndProject
Project("{FAE04EC0-301F-11D3-BF4B-00C04F79EFBC}") = "AppDirect.WindowsClient.Tests", "MainApplicationUnitTests\AppDirect.WindowsClient.Tests.csproj", "{B0C3746C-D7ED-4DDB-8B64-3AB49C462430}"
EndProject
Global
	GlobalSection(SolutionConfigurationPlatforms) = preSolution
		Debug|Any CPU = Debug|Any CPU
		Debug|x86 = Debug|x86
		Release|Any CPU = Release|Any CPU
		Release|x86 = Release|x86
	EndGlobalSection
	GlobalSection(ProjectConfigurationPlatforms) = postSolution
		{2FDC87A4-0C19-473E-A117-30A9C1477D18}.Debug|Any CPU.ActiveCfg = Debug|x86
		{2FDC87A4-0C19-473E-A117-30A9C1477D18}.Debug|Any CPU.Build.0 = Debug|x86
		{2FDC87A4-0C19-473E-A117-30A9C1477D18}.Debug|x86.ActiveCfg = Debug|x86
		{2FDC87A4-0C19-473E-A117-30A9C1477D18}.Debug|x86.Build.0 = Debug|x86
		{2FDC87A4-0C19-473E-A117-30A9C1477D18}.Release|Any CPU.ActiveCfg = Release|x86
		{2FDC87A4-0C19-473E-A117-30A9C1477D18}.Release|Any CPU.Build.0 = Release|x86
		{2FDC87A4-0C19-473E-A117-30A9C1477D18}.Release|x86.ActiveCfg = Release|x86
		{2FDC87A4-0C19-473E-A117-30A9C1477D18}.Release|x86.Build.0 = Release|x86
		{B0C3746C-D7ED-4DDB-8B64-3AB49C462430}.Debug|Any CPU.ActiveCfg = Debug|x86
		{B0C3746C-D7ED-4DDB-8B64-3AB49C462430}.Debug|Any CPU.Build.0 = Debug|x86
		{B0C3746C-D7ED-4DDB-8B64-3AB49C462430}.Debug|x86.ActiveCfg = Debug|x86
		{B0C3746C-D7ED-4DDB-8B64-3AB49C462430}.Debug|x86.Build.0 = Debug|x86
		{B0C3746C-D7ED-4DDB-8B64-3AB49C462430}.Release|Any CPU.ActiveCfg = Release|x86
		{B0C3746C-D7ED-4DDB-8B64-3AB49C462430}.Release|Any CPU.Build.0 = Release|x86
		{B0C3746C-D7ED-4DDB-8B64-3AB49C462430}.Release|x86.ActiveCfg = Release|x86
		{B0C3746C-D7ED-4DDB-8B64-3AB49C462430}.Release|x86.Build.0 = Release|x86
	EndGlobalSection
	GlobalSection(SolutionProperties) = preSolution
		HideSolutionNode = FALSE
	EndGlobalSection
EndGlobal
