
Microsoft Visual Studio Solution File, Format Version 12.00
# Visual Studio 2012
Project("{FAE04EC0-301F-11D3-BF4B-00C04F79EFBC}") = "AppDirectClient", "AppDirectClient\AppDirectClient.csproj", "{2FDC87A4-0C19-473E-A117-30A9C1477D18}"
	ProjectSection(ProjectDependencies) = postProject
		{05B3BB9B-1582-415F-B72E-5E96C8B6A073} = {05B3BB9B-1582-415F-B72E-5E96C8B6A073}
	EndProjectSection
EndProject
Project("{FAE04EC0-301F-11D3-BF4B-00C04F79EFBC}") = "AppDirectClient.Common", "AppDirectClient.Common\AppDirectClient.Common.csproj", "{7220CABF-D13D-411E-A5B0-6E63F505BBB5}"
EndProject
Project("{FAE04EC0-301F-11D3-BF4B-00C04F79EFBC}") = "VersionPrint", "VersionPrint\VersionPrint.csproj", "{59BE6C04-4181-4FAE-AF86-C9D1D240F22B}"
EndProject
Project("{8BC9CEB8-8B4A-11D0-8D11-00A0C91BC942}") = "native", "native\native.vcxproj", "{05B3BB9B-1582-415F-B72E-5E96C8B6A073}"
	ProjectSection(ProjectDependencies) = postProject
		{7220CABF-D13D-411E-A5B0-6E63F505BBB5} = {7220CABF-D13D-411E-A5B0-6E63F505BBB5}
	EndProjectSection
EndProject
Project("{FAE04EC0-301F-11D3-BF4B-00C04F79EFBC}") = "ZDeploy", "ZDeploy\ZDeploy.csproj", "{7FB78D60-D4D1-4EF3-8004-43C2ED7B2280}"
	ProjectSection(ProjectDependencies) = postProject
		{05B3BB9B-1582-415F-B72E-5E96C8B6A073} = {05B3BB9B-1582-415F-B72E-5E96C8B6A073}
	EndProjectSection
EndProject
Project("{FAE04EC0-301F-11D3-BF4B-00C04F79EFBC}") = "UnitTests", "UnitTests\UnitTests.csproj", "{E074EA7B-DDF1-4530-A392-94D98E428C2C}"
EndProject
Project("{FAE04EC0-301F-11D3-BF4B-00C04F79EFBC}") = "IntegrationTests", "IntegrationTests\IntegrationTests.csproj", "{31E2A5EE-D1DC-4BD3-A078-A6F95BEDEA40}"
EndProject
Project("{FAE04EC0-301F-11D3-BF4B-00C04F79EFBC}") = "UnitTestsBrowserManager", "UnitTestsBrowserManager\UnitTestsBrowserManager.csproj", "{D0BCC3FE-0130-4B05-B780-19F1564D8A84}"
EndProject
Project("{FAE04EC0-301F-11D3-BF4B-00C04F79EFBC}") = "AppDirectClient.BrowserManager", "AppDirectClient.BrowserManager\AppDirectClient.BrowserManager.csproj", "{1F6BF7CC-6C7F-40C0-A48E-981D5CA6428A}"
EndProject
Global
	GlobalSection(SolutionConfigurationPlatforms) = preSolution
		Debug_Windows|Any CPU = Debug_Windows|Any CPU
		Debug_Windows|Mixed Platforms = Debug_Windows|Mixed Platforms
		Debug_Windows|Win32 = Debug_Windows|Win32
		Debug_Windows|x64 = Debug_Windows|x64
		Debug_Windows|x86 = Debug_Windows|x86
		Debug|Any CPU = Debug|Any CPU
		Debug|Mixed Platforms = Debug|Mixed Platforms
		Debug|Win32 = Debug|Win32
		Debug|x64 = Debug|x64
		Debug|x86 = Debug|x86
		Release_Windows|Any CPU = Release_Windows|Any CPU
		Release_Windows|Mixed Platforms = Release_Windows|Mixed Platforms
		Release_Windows|Win32 = Release_Windows|Win32
		Release_Windows|x64 = Release_Windows|x64
		Release_Windows|x86 = Release_Windows|x86
		Release|Any CPU = Release|Any CPU
		Release|Mixed Platforms = Release|Mixed Platforms
		Release|Win32 = Release|Win32
		Release|x64 = Release|x64
		Release|x86 = Release|x86
	EndGlobalSection
	GlobalSection(ProjectConfigurationPlatforms) = postSolution
		{2FDC87A4-0C19-473E-A117-30A9C1477D18}.Debug_Windows|Any CPU.ActiveCfg = Debug|Any CPU
		{2FDC87A4-0C19-473E-A117-30A9C1477D18}.Debug_Windows|Any CPU.Build.0 = Debug|Any CPU
		{2FDC87A4-0C19-473E-A117-30A9C1477D18}.Debug_Windows|Mixed Platforms.ActiveCfg = Debug|x86
		{2FDC87A4-0C19-473E-A117-30A9C1477D18}.Debug_Windows|Mixed Platforms.Build.0 = Debug|x86
		{2FDC87A4-0C19-473E-A117-30A9C1477D18}.Debug_Windows|Win32.ActiveCfg = Debug|x86
		{2FDC87A4-0C19-473E-A117-30A9C1477D18}.Debug_Windows|Win32.Build.0 = Debug|x86
		{2FDC87A4-0C19-473E-A117-30A9C1477D18}.Debug_Windows|x64.ActiveCfg = Debug|Any CPU
		{2FDC87A4-0C19-473E-A117-30A9C1477D18}.Debug_Windows|x86.ActiveCfg = Debug|x86
		{2FDC87A4-0C19-473E-A117-30A9C1477D18}.Debug_Windows|x86.Build.0 = Debug|x86
		{2FDC87A4-0C19-473E-A117-30A9C1477D18}.Debug|Any CPU.ActiveCfg = Debug|Any CPU
		{2FDC87A4-0C19-473E-A117-30A9C1477D18}.Debug|Any CPU.Build.0 = Debug|Any CPU
		{2FDC87A4-0C19-473E-A117-30A9C1477D18}.Debug|Mixed Platforms.ActiveCfg = Debug|Any CPU
		{2FDC87A4-0C19-473E-A117-30A9C1477D18}.Debug|Mixed Platforms.Build.0 = Debug|Any CPU
		{2FDC87A4-0C19-473E-A117-30A9C1477D18}.Debug|Win32.ActiveCfg = Debug|x86
		{2FDC87A4-0C19-473E-A117-30A9C1477D18}.Debug|Win32.Build.0 = Debug|x86
		{2FDC87A4-0C19-473E-A117-30A9C1477D18}.Debug|x64.ActiveCfg = Debug|Any CPU
		{2FDC87A4-0C19-473E-A117-30A9C1477D18}.Debug|x64.Build.0 = Debug|Any CPU
		{2FDC87A4-0C19-473E-A117-30A9C1477D18}.Debug|x86.ActiveCfg = Debug|x86
		{2FDC87A4-0C19-473E-A117-30A9C1477D18}.Debug|x86.Build.0 = Debug|x86
		{2FDC87A4-0C19-473E-A117-30A9C1477D18}.Release_Windows|Any CPU.ActiveCfg = Release|Any CPU
		{2FDC87A4-0C19-473E-A117-30A9C1477D18}.Release_Windows|Any CPU.Build.0 = Release|Any CPU
		{2FDC87A4-0C19-473E-A117-30A9C1477D18}.Release_Windows|Mixed Platforms.ActiveCfg = Release|x86
		{2FDC87A4-0C19-473E-A117-30A9C1477D18}.Release_Windows|Mixed Platforms.Build.0 = Release|x86
		{2FDC87A4-0C19-473E-A117-30A9C1477D18}.Release_Windows|Win32.ActiveCfg = Release|x86
		{2FDC87A4-0C19-473E-A117-30A9C1477D18}.Release_Windows|Win32.Build.0 = Release|x86
		{2FDC87A4-0C19-473E-A117-30A9C1477D18}.Release_Windows|x64.ActiveCfg = Release|Any CPU
		{2FDC87A4-0C19-473E-A117-30A9C1477D18}.Release_Windows|x64.Build.0 = Release|Any CPU
		{2FDC87A4-0C19-473E-A117-30A9C1477D18}.Release_Windows|x86.ActiveCfg = Release|x86
		{2FDC87A4-0C19-473E-A117-30A9C1477D18}.Release_Windows|x86.Build.0 = Release|x86
		{2FDC87A4-0C19-473E-A117-30A9C1477D18}.Release|Any CPU.ActiveCfg = Release|Any CPU
		{2FDC87A4-0C19-473E-A117-30A9C1477D18}.Release|Any CPU.Build.0 = Release|Any CPU
		{2FDC87A4-0C19-473E-A117-30A9C1477D18}.Release|Mixed Platforms.ActiveCfg = Release|Any CPU
		{2FDC87A4-0C19-473E-A117-30A9C1477D18}.Release|Mixed Platforms.Build.0 = Release|Any CPU
		{2FDC87A4-0C19-473E-A117-30A9C1477D18}.Release|Win32.ActiveCfg = Release|x86
		{2FDC87A4-0C19-473E-A117-30A9C1477D18}.Release|Win32.Build.0 = Release|x86
		{2FDC87A4-0C19-473E-A117-30A9C1477D18}.Release|x64.ActiveCfg = Release|Any CPU
		{2FDC87A4-0C19-473E-A117-30A9C1477D18}.Release|x64.Build.0 = Release|Any CPU
		{2FDC87A4-0C19-473E-A117-30A9C1477D18}.Release|x86.ActiveCfg = Release|x86
		{2FDC87A4-0C19-473E-A117-30A9C1477D18}.Release|x86.Build.0 = Release|x86
		{7220CABF-D13D-411E-A5B0-6E63F505BBB5}.Debug_Windows|Any CPU.ActiveCfg = Debug|Any CPU
		{7220CABF-D13D-411E-A5B0-6E63F505BBB5}.Debug_Windows|Any CPU.Build.0 = Debug|Any CPU
		{7220CABF-D13D-411E-A5B0-6E63F505BBB5}.Debug_Windows|Mixed Platforms.ActiveCfg = Debug|x86
		{7220CABF-D13D-411E-A5B0-6E63F505BBB5}.Debug_Windows|Mixed Platforms.Build.0 = Debug|x86
		{7220CABF-D13D-411E-A5B0-6E63F505BBB5}.Debug_Windows|Win32.ActiveCfg = Debug|x86
		{7220CABF-D13D-411E-A5B0-6E63F505BBB5}.Debug_Windows|Win32.Build.0 = Debug|x86
		{7220CABF-D13D-411E-A5B0-6E63F505BBB5}.Debug_Windows|x64.ActiveCfg = Debug|Any CPU
		{7220CABF-D13D-411E-A5B0-6E63F505BBB5}.Debug_Windows|x86.ActiveCfg = Debug|x86
		{7220CABF-D13D-411E-A5B0-6E63F505BBB5}.Debug_Windows|x86.Build.0 = Debug|x86
		{7220CABF-D13D-411E-A5B0-6E63F505BBB5}.Debug|Any CPU.ActiveCfg = Debug|Any CPU
		{7220CABF-D13D-411E-A5B0-6E63F505BBB5}.Debug|Any CPU.Build.0 = Debug|Any CPU
		{7220CABF-D13D-411E-A5B0-6E63F505BBB5}.Debug|Mixed Platforms.ActiveCfg = Debug|Any CPU
		{7220CABF-D13D-411E-A5B0-6E63F505BBB5}.Debug|Mixed Platforms.Build.0 = Debug|Any CPU
		{7220CABF-D13D-411E-A5B0-6E63F505BBB5}.Debug|Win32.ActiveCfg = Debug|x86
		{7220CABF-D13D-411E-A5B0-6E63F505BBB5}.Debug|Win32.Build.0 = Debug|x86
		{7220CABF-D13D-411E-A5B0-6E63F505BBB5}.Debug|x64.ActiveCfg = Debug|Any CPU
		{7220CABF-D13D-411E-A5B0-6E63F505BBB5}.Debug|x64.Build.0 = Debug|Any CPU
		{7220CABF-D13D-411E-A5B0-6E63F505BBB5}.Debug|x86.ActiveCfg = Debug|x86
		{7220CABF-D13D-411E-A5B0-6E63F505BBB5}.Debug|x86.Build.0 = Debug|x86
		{7220CABF-D13D-411E-A5B0-6E63F505BBB5}.Release_Windows|Any CPU.ActiveCfg = Release|Any CPU
		{7220CABF-D13D-411E-A5B0-6E63F505BBB5}.Release_Windows|Any CPU.Build.0 = Release|Any CPU
		{7220CABF-D13D-411E-A5B0-6E63F505BBB5}.Release_Windows|Mixed Platforms.ActiveCfg = Release|x86
		{7220CABF-D13D-411E-A5B0-6E63F505BBB5}.Release_Windows|Mixed Platforms.Build.0 = Release|x86
		{7220CABF-D13D-411E-A5B0-6E63F505BBB5}.Release_Windows|Win32.ActiveCfg = Release|x86
		{7220CABF-D13D-411E-A5B0-6E63F505BBB5}.Release_Windows|Win32.Build.0 = Release|x86
		{7220CABF-D13D-411E-A5B0-6E63F505BBB5}.Release_Windows|x64.ActiveCfg = Release|Any CPU
		{7220CABF-D13D-411E-A5B0-6E63F505BBB5}.Release_Windows|x86.ActiveCfg = Release|x86
		{7220CABF-D13D-411E-A5B0-6E63F505BBB5}.Release_Windows|x86.Build.0 = Release|x86
		{7220CABF-D13D-411E-A5B0-6E63F505BBB5}.Release|Any CPU.ActiveCfg = Release|Any CPU
		{7220CABF-D13D-411E-A5B0-6E63F505BBB5}.Release|Any CPU.Build.0 = Release|Any CPU
		{7220CABF-D13D-411E-A5B0-6E63F505BBB5}.Release|Mixed Platforms.ActiveCfg = Release|Any CPU
		{7220CABF-D13D-411E-A5B0-6E63F505BBB5}.Release|Mixed Platforms.Build.0 = Release|Any CPU
		{7220CABF-D13D-411E-A5B0-6E63F505BBB5}.Release|Win32.ActiveCfg = Release|x86
		{7220CABF-D13D-411E-A5B0-6E63F505BBB5}.Release|Win32.Build.0 = Release|x86
		{7220CABF-D13D-411E-A5B0-6E63F505BBB5}.Release|x64.ActiveCfg = Release|Any CPU
		{7220CABF-D13D-411E-A5B0-6E63F505BBB5}.Release|x64.Build.0 = Release|Any CPU
		{7220CABF-D13D-411E-A5B0-6E63F505BBB5}.Release|x86.ActiveCfg = Release|x86
		{7220CABF-D13D-411E-A5B0-6E63F505BBB5}.Release|x86.Build.0 = Release|x86
		{59BE6C04-4181-4FAE-AF86-C9D1D240F22B}.Debug_Windows|Any CPU.ActiveCfg = Debug|Any CPU
		{59BE6C04-4181-4FAE-AF86-C9D1D240F22B}.Debug_Windows|Any CPU.Build.0 = Debug|Any CPU
		{59BE6C04-4181-4FAE-AF86-C9D1D240F22B}.Debug_Windows|Mixed Platforms.ActiveCfg = Debug|Any CPU
		{59BE6C04-4181-4FAE-AF86-C9D1D240F22B}.Debug_Windows|Mixed Platforms.Build.0 = Debug|Any CPU
		{59BE6C04-4181-4FAE-AF86-C9D1D240F22B}.Debug_Windows|Win32.ActiveCfg = Debug|x86
		{59BE6C04-4181-4FAE-AF86-C9D1D240F22B}.Debug_Windows|Win32.Build.0 = Debug|x86
		{59BE6C04-4181-4FAE-AF86-C9D1D240F22B}.Debug_Windows|x64.ActiveCfg = Debug|Any CPU
		{59BE6C04-4181-4FAE-AF86-C9D1D240F22B}.Debug_Windows|x86.ActiveCfg = Debug|Any CPU
		{59BE6C04-4181-4FAE-AF86-C9D1D240F22B}.Debug|Any CPU.ActiveCfg = Debug|Any CPU
		{59BE6C04-4181-4FAE-AF86-C9D1D240F22B}.Debug|Any CPU.Build.0 = Debug|Any CPU
		{59BE6C04-4181-4FAE-AF86-C9D1D240F22B}.Debug|Mixed Platforms.ActiveCfg = Debug|Any CPU
		{59BE6C04-4181-4FAE-AF86-C9D1D240F22B}.Debug|Mixed Platforms.Build.0 = Debug|Any CPU
		{59BE6C04-4181-4FAE-AF86-C9D1D240F22B}.Debug|Win32.ActiveCfg = Debug|x86
		{59BE6C04-4181-4FAE-AF86-C9D1D240F22B}.Debug|Win32.Build.0 = Debug|x86
		{59BE6C04-4181-4FAE-AF86-C9D1D240F22B}.Debug|x64.ActiveCfg = Debug|Any CPU
		{59BE6C04-4181-4FAE-AF86-C9D1D240F22B}.Debug|x64.Build.0 = Debug|Any CPU
		{59BE6C04-4181-4FAE-AF86-C9D1D240F22B}.Debug|x86.ActiveCfg = Debug|Any CPU
		{59BE6C04-4181-4FAE-AF86-C9D1D240F22B}.Release_Windows|Any CPU.ActiveCfg = Release|Any CPU
		{59BE6C04-4181-4FAE-AF86-C9D1D240F22B}.Release_Windows|Any CPU.Build.0 = Release|Any CPU
		{59BE6C04-4181-4FAE-AF86-C9D1D240F22B}.Release_Windows|Mixed Platforms.ActiveCfg = Release|Any CPU
		{59BE6C04-4181-4FAE-AF86-C9D1D240F22B}.Release_Windows|Mixed Platforms.Build.0 = Release|Any CPU
		{59BE6C04-4181-4FAE-AF86-C9D1D240F22B}.Release_Windows|Win32.ActiveCfg = Release|x86
		{59BE6C04-4181-4FAE-AF86-C9D1D240F22B}.Release_Windows|Win32.Build.0 = Release|x86
		{59BE6C04-4181-4FAE-AF86-C9D1D240F22B}.Release_Windows|x64.ActiveCfg = Release|Any CPU
		{59BE6C04-4181-4FAE-AF86-C9D1D240F22B}.Release_Windows|x86.ActiveCfg = Release|Any CPU
		{59BE6C04-4181-4FAE-AF86-C9D1D240F22B}.Release|Any CPU.ActiveCfg = Release|Any CPU
		{59BE6C04-4181-4FAE-AF86-C9D1D240F22B}.Release|Any CPU.Build.0 = Release|Any CPU
		{59BE6C04-4181-4FAE-AF86-C9D1D240F22B}.Release|Mixed Platforms.ActiveCfg = Release|Any CPU
		{59BE6C04-4181-4FAE-AF86-C9D1D240F22B}.Release|Mixed Platforms.Build.0 = Release|Any CPU
		{59BE6C04-4181-4FAE-AF86-C9D1D240F22B}.Release|Win32.ActiveCfg = Release|x86
		{59BE6C04-4181-4FAE-AF86-C9D1D240F22B}.Release|Win32.Build.0 = Release|x86
		{59BE6C04-4181-4FAE-AF86-C9D1D240F22B}.Release|x64.ActiveCfg = Release|Any CPU
		{59BE6C04-4181-4FAE-AF86-C9D1D240F22B}.Release|x64.Build.0 = Release|Any CPU
		{59BE6C04-4181-4FAE-AF86-C9D1D240F22B}.Release|x86.ActiveCfg = Release|x86
		{59BE6C04-4181-4FAE-AF86-C9D1D240F22B}.Release|x86.Build.0 = Release|x86
		{05B3BB9B-1582-415F-B72E-5E96C8B6A073}.Debug_Windows|Any CPU.ActiveCfg = Debug|Win32
		{05B3BB9B-1582-415F-B72E-5E96C8B6A073}.Debug_Windows|Mixed Platforms.ActiveCfg = Debug|Win32
		{05B3BB9B-1582-415F-B72E-5E96C8B6A073}.Debug_Windows|Mixed Platforms.Build.0 = Debug|Win32
		{05B3BB9B-1582-415F-B72E-5E96C8B6A073}.Debug_Windows|Win32.ActiveCfg = Debug|Win32
		{05B3BB9B-1582-415F-B72E-5E96C8B6A073}.Debug_Windows|Win32.Build.0 = Debug|Win32
		{05B3BB9B-1582-415F-B72E-5E96C8B6A073}.Debug_Windows|x64.ActiveCfg = Debug|x64
		{05B3BB9B-1582-415F-B72E-5E96C8B6A073}.Debug_Windows|x64.Build.0 = Debug|x64
		{05B3BB9B-1582-415F-B72E-5E96C8B6A073}.Debug_Windows|x86.ActiveCfg = Debug|Win32
		{05B3BB9B-1582-415F-B72E-5E96C8B6A073}.Debug_Windows|x86.Build.0 = Debug|Win32
		{05B3BB9B-1582-415F-B72E-5E96C8B6A073}.Debug|Any CPU.ActiveCfg = Debug|x64
		{05B3BB9B-1582-415F-B72E-5E96C8B6A073}.Debug|Any CPU.Build.0 = Debug|x64
		{05B3BB9B-1582-415F-B72E-5E96C8B6A073}.Debug|Mixed Platforms.ActiveCfg = Debug|x64
		{05B3BB9B-1582-415F-B72E-5E96C8B6A073}.Debug|Mixed Platforms.Build.0 = Debug|x64
		{05B3BB9B-1582-415F-B72E-5E96C8B6A073}.Debug|Win32.ActiveCfg = Debug|Win32
		{05B3BB9B-1582-415F-B72E-5E96C8B6A073}.Debug|Win32.Build.0 = Debug|Win32
		{05B3BB9B-1582-415F-B72E-5E96C8B6A073}.Debug|x64.ActiveCfg = Debug|x64
		{05B3BB9B-1582-415F-B72E-5E96C8B6A073}.Debug|x64.Build.0 = Debug|x64
		{05B3BB9B-1582-415F-B72E-5E96C8B6A073}.Debug|x86.ActiveCfg = Debug|Win32
		{05B3BB9B-1582-415F-B72E-5E96C8B6A073}.Debug|x86.Build.0 = Debug|Win32
		{05B3BB9B-1582-415F-B72E-5E96C8B6A073}.Release_Windows|Any CPU.ActiveCfg = Release|Win32
		{05B3BB9B-1582-415F-B72E-5E96C8B6A073}.Release_Windows|Mixed Platforms.ActiveCfg = Release|Win32
		{05B3BB9B-1582-415F-B72E-5E96C8B6A073}.Release_Windows|Mixed Platforms.Build.0 = Release|Win32
		{05B3BB9B-1582-415F-B72E-5E96C8B6A073}.Release_Windows|Win32.ActiveCfg = Release|Win32
		{05B3BB9B-1582-415F-B72E-5E96C8B6A073}.Release_Windows|Win32.Build.0 = Release|Win32
		{05B3BB9B-1582-415F-B72E-5E96C8B6A073}.Release_Windows|x64.ActiveCfg = Release|x64
		{05B3BB9B-1582-415F-B72E-5E96C8B6A073}.Release_Windows|x64.Build.0 = Release|x64
		{05B3BB9B-1582-415F-B72E-5E96C8B6A073}.Release_Windows|x86.ActiveCfg = Release|Win32
		{05B3BB9B-1582-415F-B72E-5E96C8B6A073}.Release_Windows|x86.Build.0 = Release|Win32
		{05B3BB9B-1582-415F-B72E-5E96C8B6A073}.Release|Any CPU.ActiveCfg = Release|x64
		{05B3BB9B-1582-415F-B72E-5E96C8B6A073}.Release|Any CPU.Build.0 = Release|x64
		{05B3BB9B-1582-415F-B72E-5E96C8B6A073}.Release|Mixed Platforms.ActiveCfg = Release|x64
		{05B3BB9B-1582-415F-B72E-5E96C8B6A073}.Release|Mixed Platforms.Build.0 = Release|x64
		{05B3BB9B-1582-415F-B72E-5E96C8B6A073}.Release|Win32.ActiveCfg = Release|Win32
		{05B3BB9B-1582-415F-B72E-5E96C8B6A073}.Release|Win32.Build.0 = Release|Win32
		{05B3BB9B-1582-415F-B72E-5E96C8B6A073}.Release|x64.ActiveCfg = Release|x64
		{05B3BB9B-1582-415F-B72E-5E96C8B6A073}.Release|x64.Build.0 = Release|x64
		{05B3BB9B-1582-415F-B72E-5E96C8B6A073}.Release|x86.ActiveCfg = Release|Win32
		{05B3BB9B-1582-415F-B72E-5E96C8B6A073}.Release|x86.Build.0 = Release|Win32
		{7FB78D60-D4D1-4EF3-8004-43C2ED7B2280}.Debug_Windows|Any CPU.ActiveCfg = Debug|Any CPU
		{7FB78D60-D4D1-4EF3-8004-43C2ED7B2280}.Debug_Windows|Any CPU.Build.0 = Debug|Any CPU
		{7FB78D60-D4D1-4EF3-8004-43C2ED7B2280}.Debug_Windows|Mixed Platforms.ActiveCfg = Debug|Any CPU
		{7FB78D60-D4D1-4EF3-8004-43C2ED7B2280}.Debug_Windows|Mixed Platforms.Build.0 = Debug|Any CPU
		{7FB78D60-D4D1-4EF3-8004-43C2ED7B2280}.Debug_Windows|Win32.ActiveCfg = Debug|Any CPU
		{7FB78D60-D4D1-4EF3-8004-43C2ED7B2280}.Debug_Windows|x64.ActiveCfg = Debug|Any CPU
		{7FB78D60-D4D1-4EF3-8004-43C2ED7B2280}.Debug_Windows|x86.ActiveCfg = Debug|Any CPU
		{7FB78D60-D4D1-4EF3-8004-43C2ED7B2280}.Debug|Any CPU.ActiveCfg = Debug|Any CPU
		{7FB78D60-D4D1-4EF3-8004-43C2ED7B2280}.Debug|Mixed Platforms.ActiveCfg = Debug|Any CPU
		{7FB78D60-D4D1-4EF3-8004-43C2ED7B2280}.Debug|Win32.ActiveCfg = Debug|Any CPU
		{7FB78D60-D4D1-4EF3-8004-43C2ED7B2280}.Debug|x64.ActiveCfg = Debug|Any CPU
		{7FB78D60-D4D1-4EF3-8004-43C2ED7B2280}.Debug|x64.Build.0 = Debug|Any CPU
		{7FB78D60-D4D1-4EF3-8004-43C2ED7B2280}.Debug|x86.ActiveCfg = Debug|Any CPU
		{7FB78D60-D4D1-4EF3-8004-43C2ED7B2280}.Release_Windows|Any CPU.ActiveCfg = Release|Any CPU
		{7FB78D60-D4D1-4EF3-8004-43C2ED7B2280}.Release_Windows|Any CPU.Build.0 = Release|Any CPU
		{7FB78D60-D4D1-4EF3-8004-43C2ED7B2280}.Release_Windows|Mixed Platforms.ActiveCfg = Release|Any CPU
		{7FB78D60-D4D1-4EF3-8004-43C2ED7B2280}.Release_Windows|Mixed Platforms.Build.0 = Release|Any CPU
		{7FB78D60-D4D1-4EF3-8004-43C2ED7B2280}.Release_Windows|Win32.ActiveCfg = Release|Any CPU
		{7FB78D60-D4D1-4EF3-8004-43C2ED7B2280}.Release_Windows|x64.ActiveCfg = Release|Any CPU
		{7FB78D60-D4D1-4EF3-8004-43C2ED7B2280}.Release_Windows|x86.ActiveCfg = Release|Any CPU
		{7FB78D60-D4D1-4EF3-8004-43C2ED7B2280}.Release|Any CPU.ActiveCfg = Release|Any CPU
		{7FB78D60-D4D1-4EF3-8004-43C2ED7B2280}.Release|Mixed Platforms.ActiveCfg = Release|Any CPU
		{7FB78D60-D4D1-4EF3-8004-43C2ED7B2280}.Release|Win32.ActiveCfg = Release|Any CPU
		{7FB78D60-D4D1-4EF3-8004-43C2ED7B2280}.Release|x64.ActiveCfg = Release|Any CPU
		{7FB78D60-D4D1-4EF3-8004-43C2ED7B2280}.Release|x86.ActiveCfg = Release|Any CPU
		{E074EA7B-DDF1-4530-A392-94D98E428C2C}.Debug_Windows|Any CPU.ActiveCfg = Debug|Any CPU
		{E074EA7B-DDF1-4530-A392-94D98E428C2C}.Debug_Windows|Any CPU.Build.0 = Debug|Any CPU
		{E074EA7B-DDF1-4530-A392-94D98E428C2C}.Debug_Windows|Mixed Platforms.ActiveCfg = Debug|Any CPU
		{E074EA7B-DDF1-4530-A392-94D98E428C2C}.Debug_Windows|Mixed Platforms.Build.0 = Debug|Any CPU
		{E074EA7B-DDF1-4530-A392-94D98E428C2C}.Debug_Windows|Win32.ActiveCfg = Debug|Any CPU
		{E074EA7B-DDF1-4530-A392-94D98E428C2C}.Debug_Windows|x64.ActiveCfg = Debug|Any CPU
		{E074EA7B-DDF1-4530-A392-94D98E428C2C}.Debug_Windows|x86.ActiveCfg = Debug|Any CPU
		{E074EA7B-DDF1-4530-A392-94D98E428C2C}.Debug|Any CPU.ActiveCfg = Debug|Any CPU
		{E074EA7B-DDF1-4530-A392-94D98E428C2C}.Debug|Any CPU.Build.0 = Debug|Any CPU
		{E074EA7B-DDF1-4530-A392-94D98E428C2C}.Debug|Mixed Platforms.ActiveCfg = Debug|Any CPU
		{E074EA7B-DDF1-4530-A392-94D98E428C2C}.Debug|Mixed Platforms.Build.0 = Debug|Any CPU
		{E074EA7B-DDF1-4530-A392-94D98E428C2C}.Debug|Win32.ActiveCfg = Debug|Any CPU
		{E074EA7B-DDF1-4530-A392-94D98E428C2C}.Debug|x64.ActiveCfg = Debug|Any CPU
		{E074EA7B-DDF1-4530-A392-94D98E428C2C}.Debug|x64.Build.0 = Debug|Any CPU
		{E074EA7B-DDF1-4530-A392-94D98E428C2C}.Debug|x86.ActiveCfg = Debug|Any CPU
		{E074EA7B-DDF1-4530-A392-94D98E428C2C}.Release_Windows|Any CPU.ActiveCfg = Release|Any CPU
		{E074EA7B-DDF1-4530-A392-94D98E428C2C}.Release_Windows|Any CPU.Build.0 = Release|Any CPU
		{E074EA7B-DDF1-4530-A392-94D98E428C2C}.Release_Windows|Mixed Platforms.ActiveCfg = Release|Any CPU
		{E074EA7B-DDF1-4530-A392-94D98E428C2C}.Release_Windows|Mixed Platforms.Build.0 = Release|Any CPU
		{E074EA7B-DDF1-4530-A392-94D98E428C2C}.Release_Windows|Win32.ActiveCfg = Release|Any CPU
		{E074EA7B-DDF1-4530-A392-94D98E428C2C}.Release_Windows|x64.ActiveCfg = Release|Any CPU
		{E074EA7B-DDF1-4530-A392-94D98E428C2C}.Release_Windows|x86.ActiveCfg = Release|Any CPU
		{E074EA7B-DDF1-4530-A392-94D98E428C2C}.Release|Any CPU.ActiveCfg = Release|Any CPU
		{E074EA7B-DDF1-4530-A392-94D98E428C2C}.Release|Any CPU.Build.0 = Release|Any CPU
		{E074EA7B-DDF1-4530-A392-94D98E428C2C}.Release|Mixed Platforms.ActiveCfg = Release|Any CPU
		{E074EA7B-DDF1-4530-A392-94D98E428C2C}.Release|Mixed Platforms.Build.0 = Release|Any CPU
		{E074EA7B-DDF1-4530-A392-94D98E428C2C}.Release|Win32.ActiveCfg = Release|Any CPU
		{E074EA7B-DDF1-4530-A392-94D98E428C2C}.Release|x64.ActiveCfg = Release|Any CPU
		{E074EA7B-DDF1-4530-A392-94D98E428C2C}.Release|x64.Build.0 = Release|Any CPU
		{E074EA7B-DDF1-4530-A392-94D98E428C2C}.Release|x86.ActiveCfg = Release|Any CPU
		{31E2A5EE-D1DC-4BD3-A078-A6F95BEDEA40}.Debug_Windows|Any CPU.ActiveCfg = Debug|Any CPU
		{31E2A5EE-D1DC-4BD3-A078-A6F95BEDEA40}.Debug_Windows|Any CPU.Build.0 = Debug|Any CPU
		{31E2A5EE-D1DC-4BD3-A078-A6F95BEDEA40}.Debug_Windows|Mixed Platforms.ActiveCfg = Debug|Any CPU
		{31E2A5EE-D1DC-4BD3-A078-A6F95BEDEA40}.Debug_Windows|Mixed Platforms.Build.0 = Debug|Any CPU
		{31E2A5EE-D1DC-4BD3-A078-A6F95BEDEA40}.Debug_Windows|Win32.ActiveCfg = Debug|Any CPU
		{31E2A5EE-D1DC-4BD3-A078-A6F95BEDEA40}.Debug_Windows|x64.ActiveCfg = Debug|Any CPU
		{31E2A5EE-D1DC-4BD3-A078-A6F95BEDEA40}.Debug_Windows|x86.ActiveCfg = Debug|Any CPU
		{31E2A5EE-D1DC-4BD3-A078-A6F95BEDEA40}.Debug|Any CPU.ActiveCfg = Debug|Any CPU
		{31E2A5EE-D1DC-4BD3-A078-A6F95BEDEA40}.Debug|Any CPU.Build.0 = Debug|Any CPU
		{31E2A5EE-D1DC-4BD3-A078-A6F95BEDEA40}.Debug|Mixed Platforms.ActiveCfg = Debug|Any CPU
		{31E2A5EE-D1DC-4BD3-A078-A6F95BEDEA40}.Debug|Mixed Platforms.Build.0 = Debug|Any CPU
		{31E2A5EE-D1DC-4BD3-A078-A6F95BEDEA40}.Debug|Win32.ActiveCfg = Debug|Any CPU
		{31E2A5EE-D1DC-4BD3-A078-A6F95BEDEA40}.Debug|x64.ActiveCfg = Debug|Any CPU
		{31E2A5EE-D1DC-4BD3-A078-A6F95BEDEA40}.Debug|x64.Build.0 = Debug|Any CPU
		{31E2A5EE-D1DC-4BD3-A078-A6F95BEDEA40}.Debug|x86.ActiveCfg = Debug|Any CPU
		{31E2A5EE-D1DC-4BD3-A078-A6F95BEDEA40}.Release_Windows|Any CPU.ActiveCfg = Release|Any CPU
		{31E2A5EE-D1DC-4BD3-A078-A6F95BEDEA40}.Release_Windows|Any CPU.Build.0 = Release|Any CPU
		{31E2A5EE-D1DC-4BD3-A078-A6F95BEDEA40}.Release_Windows|Mixed Platforms.ActiveCfg = Release|Any CPU
		{31E2A5EE-D1DC-4BD3-A078-A6F95BEDEA40}.Release_Windows|Mixed Platforms.Build.0 = Release|Any CPU
		{31E2A5EE-D1DC-4BD3-A078-A6F95BEDEA40}.Release_Windows|Win32.ActiveCfg = Release|Any CPU
		{31E2A5EE-D1DC-4BD3-A078-A6F95BEDEA40}.Release_Windows|x64.ActiveCfg = Release|Any CPU
		{31E2A5EE-D1DC-4BD3-A078-A6F95BEDEA40}.Release_Windows|x86.ActiveCfg = Release|Any CPU
		{31E2A5EE-D1DC-4BD3-A078-A6F95BEDEA40}.Release|Any CPU.ActiveCfg = Release|Any CPU
		{31E2A5EE-D1DC-4BD3-A078-A6F95BEDEA40}.Release|Any CPU.Build.0 = Release|Any CPU
		{31E2A5EE-D1DC-4BD3-A078-A6F95BEDEA40}.Release|Mixed Platforms.ActiveCfg = Release|Any CPU
		{31E2A5EE-D1DC-4BD3-A078-A6F95BEDEA40}.Release|Mixed Platforms.Build.0 = Release|Any CPU
		{31E2A5EE-D1DC-4BD3-A078-A6F95BEDEA40}.Release|Win32.ActiveCfg = Release|Any CPU
		{31E2A5EE-D1DC-4BD3-A078-A6F95BEDEA40}.Release|x64.ActiveCfg = Release|Any CPU
		{31E2A5EE-D1DC-4BD3-A078-A6F95BEDEA40}.Release|x64.Build.0 = Release|Any CPU
		{31E2A5EE-D1DC-4BD3-A078-A6F95BEDEA40}.Release|x86.ActiveCfg = Release|Any CPU
		{D0BCC3FE-0130-4B05-B780-19F1564D8A84}.Debug_Windows|Any CPU.ActiveCfg = Debug|Any CPU
		{D0BCC3FE-0130-4B05-B780-19F1564D8A84}.Debug_Windows|Any CPU.Build.0 = Debug|Any CPU
		{D0BCC3FE-0130-4B05-B780-19F1564D8A84}.Debug_Windows|Mixed Platforms.ActiveCfg = Debug|Any CPU
		{D0BCC3FE-0130-4B05-B780-19F1564D8A84}.Debug_Windows|Mixed Platforms.Build.0 = Debug|Any CPU
		{D0BCC3FE-0130-4B05-B780-19F1564D8A84}.Debug_Windows|Win32.ActiveCfg = Debug|Any CPU
		{D0BCC3FE-0130-4B05-B780-19F1564D8A84}.Debug_Windows|x64.ActiveCfg = Debug|Any CPU
		{D0BCC3FE-0130-4B05-B780-19F1564D8A84}.Debug_Windows|x86.ActiveCfg = Debug|Any CPU
		{D0BCC3FE-0130-4B05-B780-19F1564D8A84}.Debug|Any CPU.ActiveCfg = Debug|Any CPU
		{D0BCC3FE-0130-4B05-B780-19F1564D8A84}.Debug|Any CPU.Build.0 = Debug|Any CPU
		{D0BCC3FE-0130-4B05-B780-19F1564D8A84}.Debug|Mixed Platforms.ActiveCfg = Debug|Any CPU
		{D0BCC3FE-0130-4B05-B780-19F1564D8A84}.Debug|Mixed Platforms.Build.0 = Debug|Any CPU
		{D0BCC3FE-0130-4B05-B780-19F1564D8A84}.Debug|Win32.ActiveCfg = Debug|Any CPU
		{D0BCC3FE-0130-4B05-B780-19F1564D8A84}.Debug|x64.ActiveCfg = Debug|Any CPU
		{D0BCC3FE-0130-4B05-B780-19F1564D8A84}.Debug|x86.ActiveCfg = Debug|Any CPU
		{D0BCC3FE-0130-4B05-B780-19F1564D8A84}.Release_Windows|Any CPU.ActiveCfg = Release|Any CPU
		{D0BCC3FE-0130-4B05-B780-19F1564D8A84}.Release_Windows|Any CPU.Build.0 = Release|Any CPU
		{D0BCC3FE-0130-4B05-B780-19F1564D8A84}.Release_Windows|Mixed Platforms.ActiveCfg = Release|Any CPU
		{D0BCC3FE-0130-4B05-B780-19F1564D8A84}.Release_Windows|Mixed Platforms.Build.0 = Release|Any CPU
		{D0BCC3FE-0130-4B05-B780-19F1564D8A84}.Release_Windows|Win32.ActiveCfg = Release|Any CPU
		{D0BCC3FE-0130-4B05-B780-19F1564D8A84}.Release_Windows|x64.ActiveCfg = Release|Any CPU
		{D0BCC3FE-0130-4B05-B780-19F1564D8A84}.Release_Windows|x86.ActiveCfg = Release|Any CPU
		{D0BCC3FE-0130-4B05-B780-19F1564D8A84}.Release|Any CPU.ActiveCfg = Release|Any CPU
		{D0BCC3FE-0130-4B05-B780-19F1564D8A84}.Release|Any CPU.Build.0 = Release|Any CPU
		{D0BCC3FE-0130-4B05-B780-19F1564D8A84}.Release|Mixed Platforms.ActiveCfg = Release|Any CPU
		{D0BCC3FE-0130-4B05-B780-19F1564D8A84}.Release|Mixed Platforms.Build.0 = Release|Any CPU
		{D0BCC3FE-0130-4B05-B780-19F1564D8A84}.Release|Win32.ActiveCfg = Release|Any CPU
		{D0BCC3FE-0130-4B05-B780-19F1564D8A84}.Release|x64.ActiveCfg = Release|Any CPU
		{D0BCC3FE-0130-4B05-B780-19F1564D8A84}.Release|x86.ActiveCfg = Release|Any CPU
		{1F6BF7CC-6C7F-40C0-A48E-981D5CA6428A}.Debug_Windows|Any CPU.ActiveCfg = Debug|Any CPU
		{1F6BF7CC-6C7F-40C0-A48E-981D5CA6428A}.Debug_Windows|Any CPU.Build.0 = Debug|Any CPU
		{1F6BF7CC-6C7F-40C0-A48E-981D5CA6428A}.Debug_Windows|Mixed Platforms.ActiveCfg = Debug|x86
		{1F6BF7CC-6C7F-40C0-A48E-981D5CA6428A}.Debug_Windows|Mixed Platforms.Build.0 = Debug|x86
		{1F6BF7CC-6C7F-40C0-A48E-981D5CA6428A}.Debug_Windows|Win32.ActiveCfg = Debug|x86
		{1F6BF7CC-6C7F-40C0-A48E-981D5CA6428A}.Debug_Windows|Win32.Build.0 = Debug|x86
		{1F6BF7CC-6C7F-40C0-A48E-981D5CA6428A}.Debug_Windows|x64.ActiveCfg = Debug|Any CPU
		{1F6BF7CC-6C7F-40C0-A48E-981D5CA6428A}.Debug_Windows|x86.ActiveCfg = Debug|x86
		{1F6BF7CC-6C7F-40C0-A48E-981D5CA6428A}.Debug_Windows|x86.Build.0 = Debug|x86
		{1F6BF7CC-6C7F-40C0-A48E-981D5CA6428A}.Debug|Any CPU.ActiveCfg = Debug|Any CPU
		{1F6BF7CC-6C7F-40C0-A48E-981D5CA6428A}.Debug|Any CPU.Build.0 = Debug|Any CPU
		{1F6BF7CC-6C7F-40C0-A48E-981D5CA6428A}.Debug|Mixed Platforms.ActiveCfg = Debug|x86
		{1F6BF7CC-6C7F-40C0-A48E-981D5CA6428A}.Debug|Mixed Platforms.Build.0 = Debug|x86
		{1F6BF7CC-6C7F-40C0-A48E-981D5CA6428A}.Debug|Win32.ActiveCfg = Debug|x86
		{1F6BF7CC-6C7F-40C0-A48E-981D5CA6428A}.Debug|Win32.Build.0 = Debug|x86
		{1F6BF7CC-6C7F-40C0-A48E-981D5CA6428A}.Debug|x64.ActiveCfg = Debug|Any CPU
		{1F6BF7CC-6C7F-40C0-A48E-981D5CA6428A}.Debug|x86.ActiveCfg = Debug|x86
		{1F6BF7CC-6C7F-40C0-A48E-981D5CA6428A}.Debug|x86.Build.0 = Debug|x86
		{1F6BF7CC-6C7F-40C0-A48E-981D5CA6428A}.Release_Windows|Any CPU.ActiveCfg = Release|Any CPU
		{1F6BF7CC-6C7F-40C0-A48E-981D5CA6428A}.Release_Windows|Any CPU.Build.0 = Release|Any CPU
		{1F6BF7CC-6C7F-40C0-A48E-981D5CA6428A}.Release_Windows|Mixed Platforms.ActiveCfg = Release|x86
		{1F6BF7CC-6C7F-40C0-A48E-981D5CA6428A}.Release_Windows|Mixed Platforms.Build.0 = Release|x86
		{1F6BF7CC-6C7F-40C0-A48E-981D5CA6428A}.Release_Windows|Win32.ActiveCfg = Release|x86
		{1F6BF7CC-6C7F-40C0-A48E-981D5CA6428A}.Release_Windows|Win32.Build.0 = Release|x86
		{1F6BF7CC-6C7F-40C0-A48E-981D5CA6428A}.Release_Windows|x64.ActiveCfg = Release|Any CPU
		{1F6BF7CC-6C7F-40C0-A48E-981D5CA6428A}.Release_Windows|x86.ActiveCfg = Release|x86
		{1F6BF7CC-6C7F-40C0-A48E-981D5CA6428A}.Release_Windows|x86.Build.0 = Release|x86
		{1F6BF7CC-6C7F-40C0-A48E-981D5CA6428A}.Release|Any CPU.ActiveCfg = Release|Any CPU
		{1F6BF7CC-6C7F-40C0-A48E-981D5CA6428A}.Release|Any CPU.Build.0 = Release|Any CPU
		{1F6BF7CC-6C7F-40C0-A48E-981D5CA6428A}.Release|Mixed Platforms.ActiveCfg = Release|x86
		{1F6BF7CC-6C7F-40C0-A48E-981D5CA6428A}.Release|Mixed Platforms.Build.0 = Release|x86
		{1F6BF7CC-6C7F-40C0-A48E-981D5CA6428A}.Release|Win32.ActiveCfg = Release|x86
		{1F6BF7CC-6C7F-40C0-A48E-981D5CA6428A}.Release|Win32.Build.0 = Release|x86
		{1F6BF7CC-6C7F-40C0-A48E-981D5CA6428A}.Release|x64.ActiveCfg = Release|Any CPU
		{1F6BF7CC-6C7F-40C0-A48E-981D5CA6428A}.Release|x86.ActiveCfg = Release|x86
		{1F6BF7CC-6C7F-40C0-A48E-981D5CA6428A}.Release|x86.Build.0 = Release|x86
	EndGlobalSection
	GlobalSection(SolutionProperties) = preSolution
		HideSolutionNode = FALSE
	EndGlobalSection
EndGlobal
